
Microsoft Visual Studio Solution File, Format Version 12.00
# Visual Studio Version 17
VisualStudioVersion = 17.7.34031.279
MinimumVisualStudioVersion = 10.0.40219.1
Project("{FAE04EC0-301F-11D3-BF4B-00C04F79EFBC}") = "Tema3-Formulario-Estilos", "Tema3-Formulario-Estilos\Tema3-Formulario-Estilos.csproj", "{624E4358-4D95-496F-AF45-B678CA7D46F6}"
EndProject
Global
	GlobalSection(SolutionConfigurationPlatforms) = preSolution
		Debug|Any CPU = Debug|Any CPU
		Release|Any CPU = Release|Any CPU
	EndGlobalSection
	GlobalSection(ProjectConfigurationPlatforms) = postSolution
		{624E4358-4D95-496F-AF45-B678CA7D46F6}.Debug|Any CPU.ActiveCfg = Debug|Any CPU
		{624E4358-4D95-496F-AF45-B678CA7D46F6}.Debug|Any CPU.Build.0 = Debug|Any CPU
		{624E4358-4D95-496F-AF45-B678CA7D46F6}.Release|Any CPU.ActiveCfg = Release|Any CPU
		{624E4358-4D95-496F-AF45-B678CA7D46F6}.Release|Any CPU.Build.0 = Release|Any CPU
	EndGlobalSection
	GlobalSection(SolutionProperties) = preSolution
		HideSolutionNode = FALSE
	EndGlobalSection
	GlobalSection(ExtensibilityGlobals) = postSolution
		SolutionGuid = {473CAD6D-41BA-48B7-9258-5643DD1AD99D}
	EndGlobalSection
EndGlobal
